
Microsoft Visual Studio Solution File, Format Version 12.00
# Visual Studio Version 17
VisualStudioVersion = 17.0.31903.59
MinimumVisualStudioVersion = 10.0.40219.1
Project("{FAE04EC0-301F-11D3-BF4B-00C04F79EFBC}") = "Player", "src\Player\Player.csproj", "{A069AFD5-8D40-41EF-83CD-906E82CC9FBB}"
EndProject
Project("{2150E333-8FDC-42A3-9474-1A3956D46DE8}") = "src", "src", "{0FBBDAC3-A8A5-435B-B0EB-4AD0728BD645}"
EndProject
Project("{FAE04EC0-301F-11D3-BF4B-00C04F79EFBC}") = "App", "src\App\App.csproj", "{B48AEC45-870D-4E82-99B4-8B4143EF6AD5}"
EndProject
Project("{FAE04EC0-301F-11D3-BF4B-00C04F79EFBC}") = "Api", "src\Api\Api.csproj", "{515BBE2D-D184-4142-8F54-C89F4145DA9C}"
EndProject
Global
	GlobalSection(SolutionConfigurationPlatforms) = preSolution
		Debug|Any CPU = Debug|Any CPU
		Release|Any CPU = Release|Any CPU
	EndGlobalSection
	GlobalSection(SolutionProperties) = preSolution
		HideSolutionNode = FALSE
	EndGlobalSection
	GlobalSection(ProjectConfigurationPlatforms) = postSolution
		{A069AFD5-8D40-41EF-83CD-906E82CC9FBB}.Debug|Any CPU.ActiveCfg = Debug|Any CPU
		{A069AFD5-8D40-41EF-83CD-906E82CC9FBB}.Debug|Any CPU.Build.0 = Debug|Any CPU
		{A069AFD5-8D40-41EF-83CD-906E82CC9FBB}.Release|Any CPU.ActiveCfg = Release|Any CPU
		{A069AFD5-8D40-41EF-83CD-906E82CC9FBB}.Release|Any CPU.Build.0 = Release|Any CPU
		{B48AEC45-870D-4E82-99B4-8B4143EF6AD5}.Debug|Any CPU.ActiveCfg = Debug|Any CPU
		{B48AEC45-870D-4E82-99B4-8B4143EF6AD5}.Debug|Any CPU.Build.0 = Debug|Any CPU
		{B48AEC45-870D-4E82-99B4-8B4143EF6AD5}.Release|Any CPU.ActiveCfg = Release|Any CPU
		{B48AEC45-870D-4E82-99B4-8B4143EF6AD5}.Release|Any CPU.Build.0 = Release|Any CPU
		{515BBE2D-D184-4142-8F54-C89F4145DA9C}.Debug|Any CPU.ActiveCfg = Debug|Any CPU
		{515BBE2D-D184-4142-8F54-C89F4145DA9C}.Debug|Any CPU.Build.0 = Debug|Any CPU
		{515BBE2D-D184-4142-8F54-C89F4145DA9C}.Release|Any CPU.ActiveCfg = Release|Any CPU
		{515BBE2D-D184-4142-8F54-C89F4145DA9C}.Release|Any CPU.Build.0 = Release|Any CPU
	EndGlobalSection
	GlobalSection(NestedProjects) = preSolution
		{A069AFD5-8D40-41EF-83CD-906E82CC9FBB} = {0FBBDAC3-A8A5-435B-B0EB-4AD0728BD645}
		{B48AEC45-870D-4E82-99B4-8B4143EF6AD5} = {0FBBDAC3-A8A5-435B-B0EB-4AD0728BD645}
		{515BBE2D-D184-4142-8F54-C89F4145DA9C} = {0FBBDAC3-A8A5-435B-B0EB-4AD0728BD645}
	EndGlobalSection
EndGlobal
